<?xml version="1.0" encoding="utf-8"?>
<Project ToolsVersion="4.0" xmlns="http://schemas.microsoft.com/developer/msbuild/2003">
  <ItemGroup>
    <Filter Include="Source Files">
      <UniqueIdentifier>{4FC737F1-C7A5-4376-A066-2A32D752A2FF}</UniqueIdentifier>
      <Extensions>cpp;c;cc;cxx;c++;cppm;ixx;def;odl;idl;hpj;bat;asm;asmx</Extensions>
    </Filter>
    <Filter Include="Header Files">
      <UniqueIdentifier>{93995380-89BD-4b04-88EB-625FBE52EBFB}</UniqueIdentifier>
      <Extensions>h;hh;hpp;hxx;h++;hm;inl;inc;ipp;xsd</Extensions>
    </Filter>
    <Filter Include="Resource Files">
      <UniqueIdentifier>{67DA6AB6-F800-4c08-8B7A-83BB121AAD01}</UniqueIdentifier>
      <Extensions>rc;ico;cur;bmp;dlg;rc2;rct;bin;rgs;gif;jpg;jpeg;jpe;resx;tiff;tif;png;wav;mfcribbon-ms</Extensions>
    </Filter>
  </ItemGroup>
  <ItemGroup>
    <ClCompile Include="main.cpp">
      <Filter>Source Files</Filter>
    </ClCompile>
  </ItemGroup>
  <ItemGroup>
    <Text Include="output_lake_with_two_islands.txt">
      <Filter>Resource Files</Filter>
    </Text>
    <Text Include="output_original_01.txt">
      <Filter>Resource Files</Filter>
    </Text>
    <Text Include="output_original_02.txt">
      <Filter>Resource Files</Filter>
    </Text>
    <Text Include="output_original_03.txt">
      <Filter>Resource Files</Filter>
    </Text>
    <Text Include="output_original_04.txt">
      <Filter>Resource Files</Filter>
    </Text>
    <Text Include="output_original_05.txt">
      <Filter>Resource Files</Filter>
    </Text>
    <Text Include="output_original_06.txt">
      <Filter>Resource Files</Filter>
    </Text>
    <Text Include="output_original_07.txt">
      <Filter>Resource Files</Filter>
    </Text>
    <Text Include="output_original_08.txt">
      <Filter>Resource Files</Filter>
    </Text>
    <Text Include="output_original_09.txt">
      <Filter>Resource Files</Filter>
    </Text>
    <Text Include="output_original_10.txt">
      <Filter>Resource Files</Filter>
    </Text>
    <Text Include="output_rectangle_with_two_holes.txt">
      <Filter>Resource Files</Filter>
    </Text>
    <Text Include="output_wavy_with_three_holes.txt">
      <Filter>Resource Files</Filter>
    </Text>
    <Text Include="output_blob_with_two_holes.txt">
      <Filter>Resource Files</Filter>
    </Text>
    <Text Include="output_cushion_with_hexagonal_hole.txt">
      <Filter>Resource Files</Filter>
    </Text>
    <Text Include="myoutput_original_05.txt">
      <Filter>Resource Files</Filter>
    </Text>
    <Text Include="myoutput_original_06.txt">
      <Filter>Resource Files</Filter>
    </Text>
    <Text Include="myoutput_original_07.txt">
      <Filter>Resource Files</Filter>
    </Text>
    <Text Include="myoutput_original_08.txt">
      <Filter>Resource Files</Filter>
    </Text>
    <Text Include="myoutput_original_09.txt">
      <Filter>Resource Files</Filter>
    </Text>
    <Text Include="myoutput_original_10.txt">
      <Filter>Resource Files</Filter>
    </Text>
    <Text Include="myoutput_rectangle_with_two_holes.txt">
      <Filter>Resource Files</Filter>
    </Text>
    <Text Include="myoutput_wavy_with_three_holes.txt">
      <Filter>Resource Files</Filter>
    </Text>
    <Text Include="myoutput_blob_with_two_holes.txt">
      <Filter>Resource Files</Filter>
    </Text>
    <Text Include="myoutput_cushion_with_hexagonal_hole.txt">
      <Filter>Resource Files</Filter>
    </Text>
    <Text Include="myoutput_lake_with_two_islands.txt">
      <Filter>Resource Files</Filter>
    </Text>
    <Text Include="myoutput_original_01.txt">
      <Filter>Resource Files</Filter>
    </Text>
    <Text Include="myoutput_original_02.txt">
      <Filter>Resource Files</Filter>
    </Text>
    <Text Include="myoutput_original_03.txt">
      <Filter>Resource Files</Filter>
    </Text>
    <Text Include="myoutput_original_04.txt">
      <Filter>Resource Files</Filter>
    </Text>
  </ItemGroup>
  <ItemGroup>
    <None Include="input_original_07.csv">
      <Filter>Resource Files</Filter>
    </None>
    <None Include="input_original_08.csv">
      <Filter>Resource Files</Filter>
    </None>
    <None Include="input_original_09.csv">
      <Filter>Resource Files</Filter>
    </None>
    <None Include="input_original_10.csv">
      <Filter>Resource Files</Filter>
    </None>
    <None Include="input_rectangle_with_two_holes.csv">
      <Filter>Resource Files</Filter>
    </None>
    <None Include="input_wavy_with_three_holes.csv">
      <Filter>Resource Files</Filter>
    </None>
    <None Include="input_blob_with_two_holes.csv">
      <Filter>Resource Files</Filter>
    </None>
    <None Include="input_cushion_with_hexagonal_hole.csv">
      <Filter>Resource Files</Filter>
    </None>
    <None Include="input_lake_with_two_islands.csv">
      <Filter>Resource Files</Filter>
    </None>
    <None Include="input_original_01.csv">
      <Filter>Resource Files</Filter>
    </None>
    <None Include="input_original_02.csv">
      <Filter>Resource Files</Filter>
    </None>
    <None Include="input_original_03.csv">
      <Filter>Resource Files</Filter>
    </None>
    <None Include="input_original_04.csv">
      <Filter>Resource Files</Filter>
    </None>
    <None Include="input_original_05.csv">
      <Filter>Resource Files</Filter>
    </None>
    <None Include="input_original_06.csv">
      <Filter>Resource Files</Filter>
    </None>
  </ItemGroup>
</Project>